
Microsoft Visual Studio Solution File, Format Version 12.00
# Visual Studio Version 16
VisualStudioVersion = 16.0.30523.141
MinimumVisualStudioVersion = 10.0.40219.1
Project("{FAE04EC0-301F-11D3-BF4B-00C04F79EFBC}") = "HelloWorld", "HelloWorld\HelloWorld.csproj", "{A7877D79-7B05-4D51-A8A4-2E2C0CBF1D7B}"
EndProject
Global
	GlobalSection(SolutionConfigurationPlatforms) = preSolution
		Debug|Any CPU = Debug|Any CPU
		Release|Any CPU = Release|Any CPU
	EndGlobalSection
	GlobalSection(ProjectConfigurationPlatforms) = postSolution
		{A7877D79-7B05-4D51-A8A4-2E2C0CBF1D7B}.Debug|Any CPU.ActiveCfg = Debug|Any CPU
		{A7877D79-7B05-4D51-A8A4-2E2C0CBF1D7B}.Debug|Any CPU.Build.0 = Debug|Any CPU
		{A7877D79-7B05-4D51-A8A4-2E2C0CBF1D7B}.Release|Any CPU.ActiveCfg = Release|Any CPU
		{A7877D79-7B05-4D51-A8A4-2E2C0CBF1D7B}.Release|Any CPU.Build.0 = Release|Any CPU
	EndGlobalSection
	GlobalSection(SolutionProperties) = preSolution
		HideSolutionNode = FALSE
	EndGlobalSection
	GlobalSection(ExtensibilityGlobals) = postSolution
		SolutionGuid = {5289D8AA-6724-43ED-B416-47EF2D2585D2}
	EndGlobalSection
EndGlobal
